
Microsoft Visual Studio Solution File, Format Version 12.00
# Visual Studio Version 16
VisualStudioVersion = 16.0.32126.315
MinimumVisualStudioVersion = 10.0.40219.1
Project("{FAE04EC0-301F-11D3-BF4B-00C04F79EFBC}") = "SimpleStat1", "SimpleStat1\SimpleStat1.csproj", "{4C272EBE-C5AE-4C78-AB12-8F6894E1AD5C}"
EndProject
Project("{FAE04EC0-301F-11D3-BF4B-00C04F79EFBC}") = "MyStatLib", "MyStatLib\MyStatLib.csproj", "{F575B670-C442-4742-A309-6B2716EDFE83}"
EndProject
Project("{FAE04EC0-301F-11D3-BF4B-00C04F79EFBC}") = "SimpleStat2", "SimpleStat2\SimpleStat2.csproj", "{5774FA95-CC90-45A4-8029-A303F9B1B4B9}"
EndProject
Project("{FAE04EC0-301F-11D3-BF4B-00C04F79EFBC}") = "SimpleStat3", "SimpleStat3\SimpleStat3.csproj", "{88BD816B-61EC-41DB-BC36-1D166BF3C4EF}"
EndProject
Project("{FAE04EC0-301F-11D3-BF4B-00C04F79EFBC}") = "SimpleStat14", "SimpleStat14\SimpleStat14.csproj", "{585632B4-79A0-4F5A-9FDB-D4987EBFC2E5}"
EndProject
Global
	GlobalSection(SolutionConfigurationPlatforms) = preSolution
		Debug|Any CPU = Debug|Any CPU
		Release|Any CPU = Release|Any CPU
	EndGlobalSection
	GlobalSection(ProjectConfigurationPlatforms) = postSolution
		{4C272EBE-C5AE-4C78-AB12-8F6894E1AD5C}.Debug|Any CPU.ActiveCfg = Debug|Any CPU
		{4C272EBE-C5AE-4C78-AB12-8F6894E1AD5C}.Debug|Any CPU.Build.0 = Debug|Any CPU
		{4C272EBE-C5AE-4C78-AB12-8F6894E1AD5C}.Release|Any CPU.ActiveCfg = Release|Any CPU
		{4C272EBE-C5AE-4C78-AB12-8F6894E1AD5C}.Release|Any CPU.Build.0 = Release|Any CPU
		{F575B670-C442-4742-A309-6B2716EDFE83}.Debug|Any CPU.ActiveCfg = Debug|Any CPU
		{F575B670-C442-4742-A309-6B2716EDFE83}.Debug|Any CPU.Build.0 = Debug|Any CPU
		{F575B670-C442-4742-A309-6B2716EDFE83}.Release|Any CPU.ActiveCfg = Release|Any CPU
		{F575B670-C442-4742-A309-6B2716EDFE83}.Release|Any CPU.Build.0 = Release|Any CPU
		{5774FA95-CC90-45A4-8029-A303F9B1B4B9}.Debug|Any CPU.ActiveCfg = Debug|Any CPU
		{5774FA95-CC90-45A4-8029-A303F9B1B4B9}.Debug|Any CPU.Build.0 = Debug|Any CPU
		{5774FA95-CC90-45A4-8029-A303F9B1B4B9}.Release|Any CPU.ActiveCfg = Release|Any CPU
		{5774FA95-CC90-45A4-8029-A303F9B1B4B9}.Release|Any CPU.Build.0 = Release|Any CPU
		{88BD816B-61EC-41DB-BC36-1D166BF3C4EF}.Debug|Any CPU.ActiveCfg = Debug|Any CPU
		{88BD816B-61EC-41DB-BC36-1D166BF3C4EF}.Debug|Any CPU.Build.0 = Debug|Any CPU
		{88BD816B-61EC-41DB-BC36-1D166BF3C4EF}.Release|Any CPU.ActiveCfg = Release|Any CPU
		{88BD816B-61EC-41DB-BC36-1D166BF3C4EF}.Release|Any CPU.Build.0 = Release|Any CPU
		{585632B4-79A0-4F5A-9FDB-D4987EBFC2E5}.Debug|Any CPU.ActiveCfg = Debug|Any CPU
		{585632B4-79A0-4F5A-9FDB-D4987EBFC2E5}.Debug|Any CPU.Build.0 = Debug|Any CPU
		{585632B4-79A0-4F5A-9FDB-D4987EBFC2E5}.Release|Any CPU.ActiveCfg = Release|Any CPU
		{585632B4-79A0-4F5A-9FDB-D4987EBFC2E5}.Release|Any CPU.Build.0 = Release|Any CPU
	EndGlobalSection
	GlobalSection(SolutionProperties) = preSolution
		HideSolutionNode = FALSE
	EndGlobalSection
	GlobalSection(ExtensibilityGlobals) = postSolution
		SolutionGuid = {88F4C44F-5352-4E85-AED4-BECB5844DF61}
	EndGlobalSection
EndGlobal
